{
    "_readme": [
        "Example lockfile for the G8 demo, trimmed to the one package this",
        "component's example is about. It is not installable as-is."
    ],
    "content-hash": "c3a5b2e1bdcd2bf168b64d3e36918740",
    "packages": [
        {
            "name": "dompdf/dompdf",
            "version": "v2.0.1",
            "type": "library"
        }
    ],
    "packages-dev": [],
    "minimum-stability": "stable",
    "prefer-stable": true,
    "platform": {
        "php": "^8.2"
    }
}
