{
    "_readme": [
        "Example lockfile for the G8 demo, trimmed to the one package this",
        "component's example is about. It is not installable as-is."
    ],
    "content-hash": "33b2072c698b0c85c784e7bfaa11b5d7",
    "packages": [
        {
            "name": "openai-php/client",
            "version": "v0.20.0",
            "type": "library"
        }
    ],
    "packages-dev": [],
    "minimum-stability": "stable",
    "prefer-stable": true,
    "platform": {
        "php": "^8.2"
    }
}
