{
    "_readme": [
        "Example lockfile for the G8 demo, trimmed to the one package this",
        "component's example is about. It is not installable as-is."
    ],
    "content-hash": "e7a9c3eaec8c484707e0df0fc556b620",
    "packages": [
        {
            "name": "guzzlehttp/guzzle",
            "version": "7.15.1",
            "type": "library"
        }
    ],
    "packages-dev": [],
    "minimum-stability": "stable",
    "prefer-stable": true,
    "platform": {
        "php": "^8.2"
    }
}
